
Microsoft Visual Studio Solution File, Format Version 12.00
# Visual Studio Version 16
VisualStudioVersion = 16.0.31410.357
MinimumVisualStudioVersion = 10.0.40219.1
Project("{FAE04EC0-301F-11D3-BF4B-00C04F79EFBC}") = "RTSLabsCodeExercise", "RTSLabsCodeExercise\RTSLabsCodeExercise.csproj", "{8BBF9302-FFDB-4AC5-9BA1-18A7D0614C9E}"
EndProject
Global
	GlobalSection(SolutionConfigurationPlatforms) = preSolution
		Debug|Any CPU = Debug|Any CPU
		Release|Any CPU = Release|Any CPU
	EndGlobalSection
	GlobalSection(ProjectConfigurationPlatforms) = postSolution
		{8BBF9302-FFDB-4AC5-9BA1-18A7D0614C9E}.Debug|Any CPU.ActiveCfg = Debug|Any CPU
		{8BBF9302-FFDB-4AC5-9BA1-18A7D0614C9E}.Debug|Any CPU.Build.0 = Debug|Any CPU
		{8BBF9302-FFDB-4AC5-9BA1-18A7D0614C9E}.Release|Any CPU.ActiveCfg = Release|Any CPU
		{8BBF9302-FFDB-4AC5-9BA1-18A7D0614C9E}.Release|Any CPU.Build.0 = Release|Any CPU
	EndGlobalSection
	GlobalSection(SolutionProperties) = preSolution
		HideSolutionNode = FALSE
	EndGlobalSection
	GlobalSection(ExtensibilityGlobals) = postSolution
		SolutionGuid = {B9752F9B-E33E-4C5D-8E2A-2A3E9E9EFCAB}
	EndGlobalSection
EndGlobal
